Microsoft Visual Studio Solution File, Format Version 11.00
# Visual Studio 2008

Project("{2AADACFA-DD8B-70D4-F38F-1A4F39F27A5B}") = "TouchInput", "Assembly-CSharp-firstpass.csproj", "{7BB8D92D-15B0-A6BB-59BC-41F2566AE383}"
EndProject
Project("{2AADACFA-DD8B-70D4-F38F-1A4F39F27A5B}") = "TouchInput", "Assembly-CSharp.csproj", "{AC3306DF-CD55-F4A8-79D4-709A05EEA48B}"
EndProject
Project("{2AADACFA-DD8B-70D4-F38F-1A4F39F27A5B}") = "TouchInput", "Assembly-CSharp-Editor.csproj", "{745B78E6-70A9-A8E0-4FC6-9118E0DBC9C9}"
EndProject
Global
	GlobalSection(SolutionConfigurationPlatforms) = preSolution
		Debug|Any CPU = Debug|Any CPU
		Release|Any CPU = Release|Any CPU
	EndGlobalSection
	GlobalSection(ProjectConfigurationPlatforms) = postSolution
		{7BB8D92D-15B0-A6BB-59BC-41F2566AE383}.Debug|Any CPU.ActiveCfg = Debug|Any CPU
		{7BB8D92D-15B0-A6BB-59BC-41F2566AE383}.Debug|Any CPU.Build.0 = Debug|Any CPU
		{7BB8D92D-15B0-A6BB-59BC-41F2566AE383}.Release|Any CPU.ActiveCfg = Release|Any CPU
		{7BB8D92D-15B0-A6BB-59BC-41F2566AE383}.Release|Any CPU.Build.0 = Release|Any CPU
		{AC3306DF-CD55-F4A8-79D4-709A05EEA48B}.Debug|Any CPU.ActiveCfg = Debug|Any CPU
		{AC3306DF-CD55-F4A8-79D4-709A05EEA48B}.Debug|Any CPU.Build.0 = Debug|Any CPU
		{AC3306DF-CD55-F4A8-79D4-709A05EEA48B}.Release|Any CPU.ActiveCfg = Release|Any CPU
		{AC3306DF-CD55-F4A8-79D4-709A05EEA48B}.Release|Any CPU.Build.0 = Release|Any CPU
		{745B78E6-70A9-A8E0-4FC6-9118E0DBC9C9}.Debug|Any CPU.ActiveCfg = Debug|Any CPU
		{745B78E6-70A9-A8E0-4FC6-9118E0DBC9C9}.Debug|Any CPU.Build.0 = Debug|Any CPU
		{745B78E6-70A9-A8E0-4FC6-9118E0DBC9C9}.Release|Any CPU.ActiveCfg = Release|Any CPU
		{745B78E6-70A9-A8E0-4FC6-9118E0DBC9C9}.Release|Any CPU.Build.0 = Release|Any CPU
	EndGlobalSection
	GlobalSection(SolutionProperties) = preSolution
		HideSolutionNode = FALSE
	EndGlobalSection
	GlobalSection(MonoDevelopProperties) = preSolution
		StartupItem = Assembly-CSharp.csproj
	EndGlobalSection
EndGlobal
