
Microsoft Visual Studio Solution File, Format Version 12.00
# Visual Studio 2015
Project("{FAE04EC0-301F-11D3-BF4B-00C04F79EFBC}") = "Team1 Project.CSharp", "Team1 Project.CSharp.csproj", "{F38969F1-D8E3-7FA8-28F9-0486AF7A162C}"
EndProject
Global
	GlobalSection(SolutionConfigurationPlatforms) = preSolution
		Debug|Any CPU = Debug|Any CPU
		Release|Any CPU = Release|Any CPU
	EndGlobalSection
	GlobalSection(ProjectConfigurationPlatforms) = postSolution
		{F38969F1-D8E3-7FA8-28F9-0486AF7A162C}.Debug|Any CPU.ActiveCfg = Debug|Any CPU
		{F38969F1-D8E3-7FA8-28F9-0486AF7A162C}.Debug|Any CPU.Build.0 = Debug|Any CPU
		{F38969F1-D8E3-7FA8-28F9-0486AF7A162C}.Release|Any CPU.ActiveCfg = Release|Any CPU
		{F38969F1-D8E3-7FA8-28F9-0486AF7A162C}.Release|Any CPU.Build.0 = Release|Any CPU
	EndGlobalSection
	GlobalSection(SolutionProperties) = preSolution
		HideSolutionNode = FALSE
	EndGlobalSection
EndGlobal
